<Solution>
  <Folder Name="/source/">
    <Project Path="source/LibSsh2CS/LibSsh2CS.csproj" />
  </Folder>
  <Folder Name="/tests/">
    <Project Path="tests/LibSsh2CS.UnitTests/LibSsh2CS.UnitTests.csproj" />
    <Project Path="tests/LibSsh2CS.IntegrationTests/LibSsh2CS.IntegrationTests.csproj" />
  </Folder>
</Solution>
